{
	"name": "@serialport/stream",
	"version": "10.5.0",
	"lockfileVersion": 1,
	"requires": true,
	"dependencies": {
		"@serialport/binding-mock": {
			"version": "10.2.2",
			"resolved": "https://registry.npmjs.org/@serialport/binding-mock/-/binding-mock-10.2.2.tgz",
			"integrity": "sha512-HAFzGhk9OuFMpuor7aT5G1ChPgn5qSsklTFOTUX72Rl6p0xwcSVsRtG/xaGp6bxpN7fI9D/S8THLBWbBgS6ldw==",
			"dev": true,
			"requires": {
				"@serialport/bindings-interface": "^1.2.1",
				"debug": "^4.3.3"
			}
		},
		"@serialport/bindings-interface": {
			"version": "1.2.2",
			"resolved": "https://registry.npmjs.org/@serialport/bindings-interface/-/bindings-interface-1.2.2.tgz",
			"integrity": "sha512-CJaUd5bLvtM9c5dmO9rPBHPXTa9R2UwpkJ0wdh9JCYcbrPWsKz+ErvR0hBLeo7NPeiFdjFO4sonRljiw4d2XiA=="
		},
		"debug": {
			"version": "4.3.3",
			"resolved": "https://registry.npmjs.org/debug/-/debug-4.3.3.tgz",
			"integrity": "sha512-/zxw5+vh1Tfv+4Qn7a5nsbcJKPaSvCDhojn6FEl9vupwK2VCSDtEiEtqr8DFtzYFOdz63LBkxec7DYuc2jon6Q==",
			"requires": {
				"ms": "2.1.2"
			}
		},
		"ms": {
			"version": "2.1.2",
			"resolved": "https://registry.npmjs.org/ms/-/ms-2.1.2.tgz",
			"integrity": "sha512-sGkPx+VjMtmA6MX27oA4FBFELFCZZ4S4XqeGOXCv68tT+jb3vk/RyaKWP0PTKyWtmLSM0b+adUTEvbs1PEaH2w=="
		},
		"typescript": {
			"version": "4.6.2",
			"resolved": "https://registry.npmjs.org/typescript/-/typescript-4.6.2.tgz",
			"integrity": "sha512-HM/hFigTBHZhLXshn9sN37H085+hQGeJHJ/X7LpBWLID/fbc2acUMfU+lGD98X81sKP+pFa9f0DZmCwB9GnbAg==",
			"dev": true
		}
	}
}
